# This file is automatically @generated by Poetry 1.8.3 and should not be changed by hand.

[[package]]
name = "dynaconf"
version = "3.2.5"
description = "The dynamic configurator for your Python Project"
optional = false
python-versions = ">=3.8"
files = [
    {file = "dynaconf-3.2.5-py2.py3-none-any.whl", hash = "sha256:12202fc26546851c05d4194c80bee00197e7c2febcb026e502b0863be9cbbdd8"},
    {file = "dynaconf-3.2.5.tar.gz", hash = "sha256:42c8d936b32332c4b84e4d4df6dd1626b6ef59c5a94eb60c10cd3c59d6b882f2"},
]

[package.extras]
all = ["configobj", "hvac", "redis", "ruamel.yaml"]
configobj = ["configobj"]
ini = ["configobj"]
redis = ["redis"]
test = ["configobj", "django", "flask (>=0.12)", "hvac (>=1.1.0)", "pytest", "pytest-cov", "pytest-mock", "pytest-xdist", "python-dotenv", "radon", "redis", "toml"]
toml = ["toml"]
vault = ["hvac"]
yaml = ["ruamel.yaml"]

[metadata]
lock-version = "2.0"
python-versions = "^3.12"
content-hash = "06d3b34b2d7450c6106ca3c3a2c738796f4922492d94476019f546913454da30"
